// !$*UTF8*$!
{
	archiveVersion = 1;
	classes = {
	};
	objectVersion = 46;
	objects = {

/* Begin PBXBuildFile section */
		BDFC961B1E3315DA001D5670 /* AppDelegate.swift in Sources */ = {isa = PBXBuildFile; fileRef = BDFC961A1E3315DA001D5670 /* AppDelegate.swift */; };
		BDFC961D1E3315DA001D5670 /* ViewController.swift in Sources */ = {isa = PBXBuildFile; fileRef = BDFC961C1E3315DA001D5670 /* ViewController.swift */; };
		BDFC96201E3315DA001D5670 /* Main.storyboard in Resources */ = {isa = PBXBuildFile; fileRef = BDFC961E1E3315DA001D5670 /* Main.storyboard */; };
		BDFC96221E3315DA001D5670 /* Assets.xcassets in Resources */ = {isa = PBXBuildFile; fileRef = BDFC96211E3315DA001D5670 /* Assets.xcassets */; };
		BDFC96251E3315DA001D5670 /* LaunchScreen.storyboard in Resources */ = {isa = PBXBuildFile; fileRef = BDFC96231E3315DA001D5670 /* LaunchScreen.storyboard */; };
		BDFC96301E3315DA001D5670 /* ACMTests.swift in Sources */ = {isa = PBXBuildFile; fileRef = BDFC962F1E3315DA001D5670 /* ACMTests.swift */; };
		BDFC963B1E3315DA001D5670 /* ACMUITests.swift in Sources */ = {isa = PBXBuildFile; fileRef = BDFC963A1E3315DA001D5670 /* ACMUITests.swift */; };
/* End PBXBuildFile section */

/* Begin PBXContainerItemProxy section */
		BDFC962C1E3315DA001D5670 /* PBXContainerItemProxy */ = {
			isa = PBXContainerItemProxy;
			containerPortal = BDFC960F1E3315DA001D5670 /* Project object */;
			proxyType = 1;
			remoteGlobalIDString = BDFC96161E3315DA001D5670;
			remoteInfo = ACM;
		};
		BDFC96371E3315DA001D5670 /* PBXContainerItemProxy */ = {
			isa = PBXContainerItemProxy;
			containerPortal = BDFC960F1E3315DA001D5670 /* Project object */;
			proxyType = 1;
			remoteGlobalIDString = BDFC96161E3315DA001D5670;
			remoteInfo = ACM;
		};
/* End PBXContainerItemProxy section */

/* Begin PBXFileReference section */
		BDFC96171E3315DA001D5670 /* ACM.app */ = {isa = PBXFileReference; explicitFileType = wrapper.application; includeInIndex = 0; path = ACM.app; sourceTree = BUILT_PRODUCTS_DIR; };
		BDFC961A1E3315DA001D5670 /* AppDelegate.swift */ = {isa = PBXFileReference; lastKnownFileType = sourcecode.swift; path = AppDelegate.swift; sourceTree = "<group>"; };
		BDFC961C1E3315DA001D5670 /* ViewController.swift */ = {isa = PBXFileReference; lastKnownFileType = sourcecode.swift; path = ViewController.swift; sourceTree = "<group>"; };
		BDFC961F1E3315DA001D5670 /* Base */ = {isa = PBXFileReference; lastKnownFileType = file.storyboard; name = Base; path = Base.lproj/Main.storyboard; sourceTree = "<group>"; };
		BDFC96211E3315DA001D5670 /* Assets.xcassets */ = {isa = PBXFileReference; lastKnownFileType = folder.assetcatalog; path = Assets.xcassets; sourceTree = "<group>"; };
		BDFC96241E3315DA001D5670 /* Base */ = {isa = PBXFileReference; lastKnownFileType = file.storyboard; name = Base; path = Base.lproj/LaunchScreen.storyboard; sourceTree = "<group>"; };
		BDFC96261E3315DA001D5670 /* Info.plist */ = {isa = PBXFileReference; lastKnownFileType = text.plist.xml; path = Info.plist; sourceTree = "<group>"; };
		BDFC962B1E3315DA001D5670 /* ACMTests.xctest */ = {isa = PBXFileReference; explicitFileType = wrapper.cfbundle; includeInIndex = 0; path = ACMTests.xctest; sourceTree = BUILT_PRODUCTS_DIR; };
		BDFC962F1E3315DA001D5670 /* ACMTests.swift */ = {isa = PBXFileReference; lastKnownFileType = sourcecode.swift; path = ACMTests.swift; sourceTree = "<group>"; };
		BDFC96311E3315DA001D5670 /* Info.plist */ = {isa = PBXFileReference; lastKnownFileType = text.plist.xml; path = Info.plist; sourceTree = "<group>"; };
		BDFC96361E3315DA001D5670 /* ACMUITests.xctest */ = {isa = PBXFileReference; explicitFileType = wrapper.cfbundle; includeInIndex = 0; path = ACMUITests.xctest; sourceTree = BUILT_PRODUCTS_DIR; };
		BDFC963A1E3315DA001D5670 /* ACMUITests.swift */ = {isa = PBXFileReference; lastKnownFileType = sourcecode.swift; path = ACMUITests.swift; sourceTree = "<group>"; };
		BDFC963C1E3315DA001D5670 /* Info.plist */ = {isa = PBXFileReference; lastKnownFileType = text.plist.xml; path = Info.plist; sourceTree = "<group>"; };
/* End PBXFileReference section */

/* Begin PBXFrameworksBuildPhase section */
		BDFC96141E3315DA001D5670 /* Frameworks */ = {
			isa = PBXFrameworksBuildPhase;
			buildActionMask = 2147483647;
			files = (
			);
			runOnlyForDeploymentPostprocessing = 0;
		};
		BDFC96281E3315DA001D5670 /* Frameworks */ = {
			isa = PBXFrameworksBuildPhase;
			buildActionMask = 2147483647;
			files = (
			);
			runOnlyForDeploymentPostprocessing = 0;
		};
		BDFC96331E3315DA001D5670 /* Frameworks */ = {
			isa = PBXFrameworksBuildPhase;
			buildActionMask = 2147483647;
			files = (
			);
			runOnlyForDeploymentPostprocessing = 0;
		};
/* End PBXFrameworksBuildPhase section */

/* Begin PBXGroup section */
		BDFC960E1E3315DA001D5670 = {
			isa = PBXGroup;
			children = (
				BDFC96191E3315DA001D5670 /* ACM */,
				BDFC962E1E3315DA001D5670 /* ACMTests */,
				BDFC96391E3315DA001D5670 /* ACMUITests */,
				BDFC96181E3315DA001D5670 /* Products */,
			);
			sourceTree = "<group>";
		};
		BDFC96181E3315DA001D5670 /* Products */ = {
			isa = PBXGroup;
			children = (
				BDFC96171E3315DA001D5670 /* ACM.app */,
				BDFC962B1E3315DA001D5670 /* ACMTests.xctest */,
				BDFC96361E3315DA001D5670 /* ACMUITests.xctest */,
			);
			name = Products;
			sourceTree = "<group>";
		};
		BDFC96191E3315DA001D5670 /* ACM */ = {
			isa = PBXGroup;
			children = (
				BDFC961A1E3315DA001D5670 /* AppDelegate.swift */,
				BDFC961C1E3315DA001D5670 /* ViewController.swift */,
				BDFC961E1E3315DA001D5670 /* Main.storyboard */,
				BDFC96211E3315DA001D5670 /* Assets.xcassets */,
				BDFC96231E3315DA001D5670 /* LaunchScreen.storyboard */,
				BDFC96261E3315DA001D5670 /* Info.plist */,
			);
			path = ACM;
			sourceTree = "<group>";
		};
		BDFC962E1E3315DA001D5670 /* ACMTests */ = {
			isa = PBXGroup;
			children = (
				BDFC962F1E3315DA001D5670 /* ACMTests.swift */,
				BDFC96311E3315DA001D5670 /* Info.plist */,
			);
			path = ACMTests;
			sourceTree = "<group>";
		};
		BDFC96391E3315DA001D5670 /* ACMUITests */ = {
			isa = PBXGroup;
			children = (
				BDFC963A1E3315DA001D5670 /* ACMUITests.swift */,
				BDFC963C1E3315DA001D5670 /* Info.plist */,
			);
			path = ACMUITests;
			sourceTree = "<group>";
		};
/* End PBXGroup section */

/* Begin PBXNativeTarget section */
		BDFC96161E3315DA001D5670 /* ACM */ = {
			isa = PBXNativeTarget;
			buildConfigurationList = BDFC963F1E3315DA001D5670 /* Build configuration list for PBXNativeTarget "ACM" */;
			buildPhases = (
				BDFC96131E3315DA001D5670 /* Sources */,
				BDFC96141E3315DA001D5670 /* Frameworks */,
				BDFC96151E3315DA001D5670 /* Resources */,
			);
			buildRules = (
			);
			dependencies = (
			);
			name = ACM;
			productName = ACM;
			productReference = BDFC96171E3315DA001D5670 /* ACM.app */;
			productType = "com.apple.product-type.application";
		};
		BDFC962A1E3315DA001D5670 /* ACMTests */ = {
			isa = PBXNativeTarget;
			buildConfigurationList = BDFC96421E3315DA001D5670 /* Build configuration list for PBXNativeTarget "ACMTests" */;
			buildPhases = (
				BDFC96271E3315DA001D5670 /* Sources */,
				BDFC96281E3315DA001D5670 /* Frameworks */,
				BDFC96291E3315DA001D5670 /* Resources */,
			);
			buildRules = (
			);
			dependencies = (
				BDFC962D1E3315DA001D5670 /* PBXTargetDependency */,
			);
			name = ACMTests;
			productName = ACMTests;
			productReference = BDFC962B1E3315DA001D5670 /* ACMTests.xctest */;
			productType = "com.apple.product-type.bundle.unit-test";
		};
		BDFC96351E3315DA001D5670 /* ACMUITests */ = {
			isa = PBXNativeTarget;
			buildConfigurationList = BDFC96451E3315DB001D5670 /* Build configuration list for PBXNativeTarget "ACMUITests" */;
			buildPhases = (
				BDFC96321E3315DA001D5670 /* Sources */,
				BDFC96331E3315DA001D5670 /* Frameworks */,
				BDFC96341E3315DA001D5670 /* Resources */,
			);
			buildRules = (
			);
			dependencies = (
				BDFC96381E3315DA001D5670 /* PBXTargetDependency */,
			);
			name = ACMUITests;
			productName = ACMUITests;
			productReference = BDFC96361E3315DA001D5670 /* ACMUITests.xctest */;
			productType = "com.apple.product-type.bundle.ui-testing";
		};
/* End PBXNativeTarget section */

/* Begin PBXProject section */
		BDFC960F1E3315DA001D5670 /* Project object */ = {
			isa = PBXProject;
			attributes = {
				LastSwiftUpdateCheck = 0820;
				LastUpgradeCheck = 0820;
				ORGANIZATIONNAME = "Johnathan Saunders";
				TargetAttributes = {
					BDFC96161E3315DA001D5670 = {
						CreatedOnToolsVersion = 8.2.1;
						DevelopmentTeam = AQMDNGRP82;
						ProvisioningStyle = Automatic;
					};
					BDFC962A1E3315DA001D5670 = {
						CreatedOnToolsVersion = 8.2.1;
						DevelopmentTeam = AQMDNGRP82;
						ProvisioningStyle = Automatic;
						TestTargetID = BDFC96161E3315DA001D5670;
					};
					BDFC96351E3315DA001D5670 = {
						CreatedOnToolsVersion = 8.2.1;
						DevelopmentTeam = AQMDNGRP82;
						ProvisioningStyle = Automatic;
						TestTargetID = BDFC96161E3315DA001D5670;
					};
				};
			};
			buildConfigurationList = BDFC96121E3315DA001D5670 /* Build configuration list for PBXProject "ACM" */;
			compatibilityVersion = "Xcode 3.2";
			developmentRegion = English;
			hasScannedForEncodings = 0;
			knownRegions = (
				en,
				Base,
			);
			mainGroup = BDFC960E1E3315DA001D5670;
			productRefGroup = BDFC96181E3315DA001D5670 /* Products */;
			projectDirPath = "";
			projectRoot = "";
			targets = (
				BDFC96161E3315DA001D5670 /* ACM */,
				BDFC962A1E3315DA001D5670 /* ACMTests */,
				BDFC96351E3315DA001D5670 /* ACMUITests */,
			);
		};
/* End PBXProject section */

/* Begin PBXResourcesBuildPhase section */
		BDFC96151E3315DA001D5670 /* Resources */ = {
			isa = PBXResourcesBuildPhase;
			buildActionMask = 2147483647;
			files = (
				BDFC96251E3315DA001D5670 /* LaunchScreen.storyboard in Resources */,
				BDFC96221E3315DA001D5670 /* Assets.xcassets in Resources */,
				BDFC96201E3315DA001D5670 /* Main.storyboard in Resources */,
			);
			runOnlyForDeploymentPostprocessing = 0;
		};
		BDFC96291E3315DA001D5670 /* Resources */ = {
			isa = PBXResourcesBuildPhase;
			buildActionMask = 2147483647;
			files = (
			);
			runOnlyForDeploymentPostprocessing = 0;
		};
		BDFC96341E3315DA001D5670 /* Resources */ = {
			isa = PBXResourcesBuildPhase;
			buildActionMask = 2147483647;
			files = (
			);
			runOnlyForDeploymentPostprocessing = 0;
		};
/* End PBXResourcesBuildPhase section */

/* Begin PBXSourcesBuildPhase section */
		BDFC96131E3315DA001D5670 /* Sources */ = {
			isa = PBXSourcesBuildPhase;
			buildActionMask = 2147483647;
			files = (
				BDFC961D1E3315DA001D5670 /* ViewController.swift in Sources */,
				BDFC961B1E3315DA001D5670 /* AppDelegate.swift in Sources */,
			);
			runOnlyForDeploymentPostprocessing = 0;
		};
		BDFC96271E3315DA001D5670 /* Sources */ = {
			isa = PBXSourcesBuildPhase;
			buildActionMask = 2147483647;
			files = (
				BDFC96301E3315DA001D5670 /* ACMTests.swift in Sources */,
			);
			runOnlyForDeploymentPostprocessing = 0;
		};
		BDFC96321E3315DA001D5670 /* Sources */ = {
			isa = PBXSourcesBuildPhase;
			buildActionMask = 2147483647;
			files = (
				BDFC963B1E3315DA001D5670 /* ACMUITests.swift in Sources */,
			);
			runOnlyForDeploymentPostprocessing = 0;
		};
/* End PBXSourcesBuildPhase section */

/* Begin PBXTargetDependency section */
		BDFC962D1E3315DA001D5670 /* PBXTargetDependency */ = {
			isa = PBXTargetDependency;
			target = BDFC96161E3315DA001D5670 /* ACM */;
			targetProxy = BDFC962C1E3315DA001D5670 /* PBXContainerItemProxy */;
		};
		BDFC96381E3315DA001D5670 /* PBXTargetDependency */ = {
			isa = PBXTargetDependency;
			target = BDFC96161E3315DA001D5670 /* ACM */;
			targetProxy = BDFC96371E3315DA001D5670 /* PBXContainerItemProxy */;
		};
/* End PBXTargetDependency section */

/* Begin PBXVariantGroup section */
		BDFC961E1E3315DA001D5670 /* Main.storyboard */ = {
			isa = PBXVariantGroup;
			children = (
				BDFC961F1E3315DA001D5670 /* Base */,
			);
			name = Main.storyboard;
			sourceTree = "<group>";
		};
		BDFC96231E3315DA001D5670 /* LaunchScreen.storyboard */ = {
			isa = PBXVariantGroup;
			children = (
				BDFC96241E3315DA001D5670 /* Base */,
			);
			name = LaunchScreen.storyboard;
			sourceTree = "<group>";
		};
/* End PBXVariantGroup section */

/* Begin XCBuildConfiguration section */
		BDFC963D1E3315DA001D5670 /* Debug */ = {
			isa = XCBuildConfiguration;
			buildSettings = {
				ALWAYS_SEARCH_USER_PATHS = NO;
				CLANG_ANALYZER_NONNULL = YES;
				CLANG_CXX_LANGUAGE_STANDARD = "gnu++0x";
				CLANG_CXX_LIBRARY = "libc++";
				CLANG_ENABLE_MODULES = YES;
				CLANG_ENABLE_OBJC_ARC = YES;
				CLANG_WARN_BOOL_CONVERSION = YES;
				CLANG_WARN_CONSTANT_CONVERSION = YES;
				CLANG_WARN_DIRECT_OBJC_ISA_USAGE = YES_ERROR;
				CLANG_WARN_DOCUMENTATION_COMMENTS = YES;
				CLANG_WARN_EMPTY_BODY = YES;
				CLANG_WARN_ENUM_CONVERSION = YES;
				CLANG_WARN_INFINITE_RECURSION = YES;
				CLANG_WARN_INT_CONVERSION = YES;
				CLANG_WARN_OBJC_ROOT_CLASS = YES_ERROR;
				CLANG_WARN_SUSPICIOUS_MOVE = YES;
				CLANG_WARN_UNREACHABLE_CODE = YES;
				CLANG_WARN__DUPLICATE_METHOD_MATCH = YES;
				"CODE_SIGN_IDENTITY[sdk=iphoneos*]" = "iPhone Developer";
				COPY_PHASE_STRIP = NO;
				DEBUG_INFORMATION_FORMAT = dwarf;
				ENABLE_STRICT_OBJC_MSGSEND = YES;
				ENABLE_TESTABILITY = YES;
				GCC_C_LANGUAGE_STANDARD = gnu99;
				GCC_DYNAMIC_NO_PIC = NO;
				GCC_NO_COMMON_BLOCKS = YES;
				GCC_OPTIMIZATION_LEVEL = 0;
				GCC_PREPROCESSOR_DEFINITIONS = (
					"DEBUG=1",
					"$(inherited)",
				);
				GCC_WARN_64_TO_32_BIT_CONVERSION = YES;
				GCC_WARN_ABOUT_RETURN_TYPE = YES_ERROR;
				GCC_WARN_UNDECLARED_SELECTOR = YES;
				GCC_WARN_UNINITIALIZED_AUTOS = YES_AGGRESSIVE;
				GCC_WARN_UNUSED_FUNCTION = YES;
				GCC_WARN_UNUSED_VARIABLE = YES;
				IPHONEOS_DEPLOYMENT_TARGET = 10.2;
				MTL_ENABLE_DEBUG_INFO = YES;
				ONLY_ACTIVE_ARCH = YES;
				SDKROOT = iphoneos;
				SWIFT_ACTIVE_COMPILATION_CONDITIONS = DEBUG;
				SWIFT_OPTIMIZATION_LEVEL = "-Onone";
				TARGETED_DEVICE_FAMILY = "1,2";
			};
			name = Debug;
		};
		BDFC963E1E3315DA001D5670 /* Release */ = {
			isa = XCBuildConfiguration;
			buildSettings = {
				ALWAYS_SEARCH_USER_PATHS = NO;
				CLANG_ANALYZER_NONNULL = YES;
				CLANG_CXX_LANGUAGE_STANDARD = "gnu++0x";
				CLANG_CXX_LIBRARY = "libc++";
				CLANG_ENABLE_MODULES = YES;
				CLANG_ENABLE_OBJC_ARC = YES;
				CLANG_WARN_BOOL_CONVERSION = YES;
				CLANG_WARN_CONSTANT_CONVERSION = YES;
				CLANG_WARN_DIRECT_OBJC_ISA_USAGE = YES_ERROR;
				CLANG_WARN_DOCUMENTATION_COMMENTS = YES;
				CLANG_WARN_EMPTY_BODY = YES;
				CLANG_WARN_ENUM_CONVERSION = YES;
				CLANG_WARN_INFINITE_RECURSION = YES;
				CLANG_WARN_INT_CONVERSION = YES;
				CLANG_WARN_OBJC_ROOT_CLASS = YES_ERROR;
				CLANG_WARN_SUSPICIOUS_MOVE = YES;
				CLANG_WARN_UNREACHABLE_CODE = YES;
				CLANG_WARN__DUPLICATE_METHOD_MATCH = YES;
				"CODE_SIGN_IDENTITY[sdk=iphoneos*]" = "iPhone Developer";
				COPY_PHASE_STRIP = NO;
				DEBUG_INFORMATION_FORMAT = "dwarf-with-dsym";
				ENABLE_NS_ASSERTIONS = NO;
				ENABLE_STRICT_OBJC_MSGSEND = YES;
				GCC_C_LANGUAGE_STANDARD = gnu99;
				GCC_NO_COMMON_BLOCKS = YES;
				GCC_WARN_64_TO_32_BIT_CONVERSION = YES;
				GCC_WARN_ABOUT_RETURN_TYPE = YES_ERROR;
				GCC_WARN_UNDECLARED_SELECTOR = YES;
				GCC_WARN_UNINITIALIZED_AUTOS = YES_AGGRESSIVE;
				GCC_WARN_UNUSED_FUNCTION = YES;
				GCC_WARN_UNUSED_VARIABLE = YES;
				IPHONEOS_DEPLOYMENT_TARGET = 10.2;
				MTL_ENABLE_DEBUG_INFO = NO;
				SDKROOT = iphoneos;
				SWIFT_OPTIMIZATION_LEVEL = "-Owholemodule";
				TARGETED_DEVICE_FAMILY = "1,2";
				VALIDATE_PRODUCT = YES;
			};
			name = Release;
		};
		BDFC96401E3315DA001D5670 /* Debug */ = {
			isa = XCBuildConfiguration;
			buildSettings = {
				ASSETCATALOG_COMPILER_APPICON_NAME = AppIcon;
				DEVELOPMENT_TEAM = AQMDNGRP82;
				INFOPLIST_FILE = ACM/Info.plist;
				LD_RUNPATH_SEARCH_PATHS = "$(inherited) @executable_path/Frameworks";
				PRODUCT_BUNDLE_IDENTIFIER = org.rowanacm.ACM;
				PRODUCT_NAME = "$(TARGET_NAME)";
				SWIFT_VERSION = 3.0;
			};
			name = Debug;
		};
		BDFC96411E3315DA001D5670 /* Release */ = {
			isa = XCBuildConfiguration;
			buildSettings = {
				ASSETCATALOG_COMPILER_APPICON_NAME = AppIcon;
				DEVELOPMENT_TEAM = AQMDNGRP82;
				INFOPLIST_FILE = ACM/Info.plist;
				LD_RUNPATH_SEARCH_PATHS = "$(inherited) @executable_path/Frameworks";
				PRODUCT_BUNDLE_IDENTIFIER = org.rowanacm.ACM;
				PRODUCT_NAME = "$(TARGET_NAME)";
				SWIFT_VERSION = 3.0;
			};
			name = Release;
		};
		BDFC96431E3315DA001D5670 /* Debug */ = {
			isa = XCBuildConfiguration;
			buildSettings = {
				ALWAYS_EMBED_SWIFT_STANDARD_LIBRARIES = YES;
				BUNDLE_LOADER = "$(TEST_HOST)";
				DEVELOPMENT_TEAM = AQMDNGRP82;
				INFOPLIST_FILE = ACMTests/Info.plist;
				LD_RUNPATH_SEARCH_PATHS = "$(inherited) @executable_path/Frameworks @loader_path/Frameworks";
				PRODUCT_BUNDLE_IDENTIFIER = org.rowanacm.ACMTests;
				PRODUCT_NAME = "$(TARGET_NAME)";
				SWIFT_VERSION = 3.0;
				TEST_HOST = "$(BUILT_PRODUCTS_DIR)/ACM.app/ACM";
			};
			name = Debug;
		};
		BDFC96441E3315DB001D5670 /* Release */ = {
			isa = XCBuildConfiguration;
			buildSettings = {
				ALWAYS_EMBED_SWIFT_STANDARD_LIBRARIES = YES;
				BUNDLE_LOADER = "$(TEST_HOST)";
				DEVELOPMENT_TEAM = AQMDNGRP82;
				INFOPLIST_FILE = ACMTests/Info.plist;
				LD_RUNPATH_SEARCH_PATHS = "$(inherited) @executable_path/Frameworks @loader_path/Frameworks";
				PRODUCT_BUNDLE_IDENTIFIER = org.rowanacm.ACMTests;
				PRODUCT_NAME = "$(TARGET_NAME)";
				SWIFT_VERSION = 3.0;
				TEST_HOST = "$(BUILT_PRODUCTS_DIR)/ACM.app/ACM";
			};
			name = Release;
		};
		BDFC96461E3315DB001D5670 /* Debug */ = {
			isa = XCBuildConfiguration;
			buildSettings = {
				ALWAYS_EMBED_SWIFT_STANDARD_LIBRARIES = YES;
				DEVELOPMENT_TEAM = AQMDNGRP82;
				INFOPLIST_FILE = ACMUITests/Info.plist;
				LD_RUNPATH_SEARCH_PATHS = "$(inherited) @executable_path/Frameworks @loader_path/Frameworks";
				PRODUCT_BUNDLE_IDENTIFIER = org.rowanacm.ACMUITests;
				PRODUCT_NAME = "$(TARGET_NAME)";
				SWIFT_VERSION = 3.0;
				TEST_TARGET_NAME = ACM;
			};
			name = Debug;
		};
		BDFC96471E3315DB001D5670 /* Release */ = {
			isa = XCBuildConfiguration;
			buildSettings = {
				ALWAYS_EMBED_SWIFT_STANDARD_LIBRARIES = YES;
				DEVELOPMENT_TEAM = AQMDNGRP82;
				INFOPLIST_FILE = ACMUITests/Info.plist;
				LD_RUNPATH_SEARCH_PATHS = "$(inherited) @executable_path/Frameworks @loader_path/Frameworks";
				PRODUCT_BUNDLE_IDENTIFIER = org.rowanacm.ACMUITests;
				PRODUCT_NAME = "$(TARGET_NAME)";
				SWIFT_VERSION = 3.0;
				TEST_TARGET_NAME = ACM;
			};
			name = Release;
		};
/* End XCBuildConfiguration section */

/* Begin XCConfigurationList section */
		BDFC96121E3315DA001D5670 /* Build configuration list for PBXProject "ACM" */ = {
			isa = XCConfigurationList;
			buildConfigurations = (
				BDFC963D1E3315DA001D5670 /* Debug */,
				BDFC963E1E3315DA001D5670 /* Release */,
			);
			defaultConfigurationIsVisible = 0;
			defaultConfigurationName = Release;
		};
		BDFC963F1E3315DA001D5670 /* Build configuration list for PBXNativeTarget "ACM" */ = {
			isa = XCConfigurationList;
			buildConfigurations = (
				BDFC96401E3315DA001D5670 /* Debug */,
				BDFC96411E3315DA001D5670 /* Release */,
			);
			defaultConfigurationIsVisible = 0;
		};
		BDFC96421E3315DA001D5670 /* Build configuration list for PBXNativeTarget "ACMTests" */ = {
			isa = XCConfigurationList;
			buildConfigurations = (
				BDFC96431E3315DA001D5670 /* Debug */,
				BDFC96441E3315DB001D5670 /* Release */,
			);
			defaultConfigurationIsVisible = 0;
		};
		BDFC96451E3315DB001D5670 /* Build configuration list for PBXNativeTarget "ACMUITests" */ = {
			isa = XCConfigurationList;
			buildConfigurations = (
				BDFC96461E3315DB001D5670 /* Debug */,
				BDFC96471E3315DB001D5670 /* Release */,
			);
			defaultConfigurationIsVisible = 0;
		};
/* End XCConfigurationList section */
	};
	rootObject = BDFC960F1E3315DA001D5670 /* Project object */;
}
